// !$*UTF8*$!
{
	archiveVersion = 1;
	classes = {
	};
	objectVersion = 48;
	objects = {

/* Begin PBXBuildFile section */
		0A23BC551FD13E9000382174 /* NVAppDelegate.m in Sources */ = {isa = PBXBuildFile; fileRef = 0A23BC541FD13E9000382174 /* NVAppDelegate.m */; };
		0A23BC5B1FD13E9100382174 /* Main.storyboard in Resources */ = {isa = PBXBuildFile; fileRef = 0A23BC591FD13E9100382174 /* Main.storyboard */; };
		0A23BC5D1FD13E9100382174 /* Assets.xcassets in Resources */ = {isa = PBXBuildFile; fileRef = 0A23BC5C1FD13E9100382174 /* Assets.xcassets */; };
		0A23BC601FD13E9100382174 /* LaunchScreen.storyboard in Resources */ = {isa = PBXBuildFile; fileRef = 0A23BC5E1FD13E9100382174 /* LaunchScreen.storyboard */; };
		0A23BC631FD13E9100382174 /* main.m in Sources */ = {isa = PBXBuildFile; fileRef = 0A23BC621FD13E9100382174 /* main.m */; };
		761023001FEBB24800A7DA94 /* NVLiveToolBoxView.m in Sources */ = {isa = PBXBuildFile; fileRef = 761022FF1FEBB24800A7DA94 /* NVLiveToolBoxView.m */; };
		761782771FE0FA770010EFE6 /* NVLiveStreamTableViewCell.m in Sources */ = {isa = PBXBuildFile; fileRef = 761782761FE0FA770010EFE6 /* NVLiveStreamTableViewCell.m */; };
		7617827B1FE10AAA0010EFE6 /* NVLiveUserModel.m in Sources */ = {isa = PBXBuildFile; fileRef = 7617827A1FE10AAA0010EFE6 /* NVLiveUserModel.m */; };
		766E5FAB1FEB55D500900BD1 /* NVStartLiveView.m in Sources */ = {isa = PBXBuildFile; fileRef = 766E5FAA1FEB55D500900BD1 /* NVStartLiveView.m */; };
		766E5FC71FEB830500900BD1 /* VerticalSwipeInteractionController.m in Sources */ = {isa = PBXBuildFile; fileRef = 766E5FBE1FEB830500900BD1 /* VerticalSwipeInteractionController.m */; };
		766E5FC81FEB830500900BD1 /* BaseInteractionController.m in Sources */ = {isa = PBXBuildFile; fileRef = 766E5FC01FEB830500900BD1 /* BaseInteractionController.m */; };
		766E5FC91FEB830500900BD1 /* HorizontalSwipeInteractionController.m in Sources */ = {isa = PBXBuildFile; fileRef = 766E5FC21FEB830500900BD1 /* HorizontalSwipeInteractionController.m */; };
		766E5FCA1FEB830500900BD1 /* ReversibleAnimationController.m in Sources */ = {isa = PBXBuildFile; fileRef = 766E5FC41FEB830500900BD1 /* ReversibleAnimationController.m */; };
		766E5FCB1FEB830500900BD1 /* PanAnimationController.m in Sources */ = {isa = PBXBuildFile; fileRef = 766E5FC61FEB830500900BD1 /* PanAnimationController.m */; };
		766E5FCE1FEB8D7A00900BD1 /* NVPanScrollView.m in Sources */ = {isa = PBXBuildFile; fileRef = 766E5FCD1FEB8D7A00900BD1 /* NVPanScrollView.m */; };
		769B294F1FE3A83A00A73B0E /* NVLiveCoverView.m in Sources */ = {isa = PBXBuildFile; fileRef = 769B294E1FE3A83A00A73B0E /* NVLiveCoverView.m */; };
		769B296D1FE3B2A300A73B0E /* NVLiveSettingChildViewController.m in Sources */ = {isa = PBXBuildFile; fileRef = 769B29651FE3B2A200A73B0E /* NVLiveSettingChildViewController.m */; };
		769B296E1FE3B2A300A73B0E /* NVLiveWaterMarkSettingViewController.m in Sources */ = {isa = PBXBuildFile; fileRef = 769B29661FE3B2A200A73B0E /* NVLiveWaterMarkSettingViewController.m */; };
		769B296F1FE3B2A300A73B0E /* NVLiveCaptureSettingViewController.m in Sources */ = {isa = PBXBuildFile; fileRef = 769B29671FE3B2A200A73B0E /* NVLiveCaptureSettingViewController.m */; };
		769B29701FE3B2A300A73B0E /* NVLiveSettingSegmentViewController.m in Sources */ = {isa = PBXBuildFile; fileRef = 769B29681FE3B2A200A73B0E /* NVLiveSettingSegmentViewController.m */; };
		769B29711FE3B2A300A73B0E /* NVLiveStreamSettingViewController.m in Sources */ = {isa = PBXBuildFile; fileRef = 769B296A1FE3B2A200A73B0E /* NVLiveStreamSettingViewController.m */; };
		769B29741FE3C62C00A73B0E /* NVViewController.m in Sources */ = {isa = PBXBuildFile; fileRef = 769B29731FE3C62C00A73B0E /* NVViewController.m */; };
		76FDC5951FE3713500F19C67 /* NVLivePreviewViewController.m in Sources */ = {isa = PBXBuildFile; fileRef = 76FDC5941FE3713500F19C67 /* NVLivePreviewViewController.m */; };
		BBC951B9F8B1444045171998 /* libPods-NiuVideo.a in Frameworks */ = {isa = PBXBuildFile; fileRef = 75E2A862E04702DD16F5E5AD /* libPods-NiuVideo.a */; };
		C317E5CC1FD689390065EA13 /* NVFileManagerViewController.m in Sources */ = {isa = PBXBuildFile; fileRef = C317E5CB1FD689390065EA13 /* NVFileManagerViewController.m */; };
		C317E5D01FD690650065EA13 /* NVUserConfigViewController.m in Sources */ = {isa = PBXBuildFile; fileRef = C317E5C91FD689040065EA13 /* NVUserConfigViewController.m */; };
		C317E5E01FD6B9FE0065EA13 /* NVMainTabBarController.m in Sources */ = {isa = PBXBuildFile; fileRef = C317E5DC1FD6B9700065EA13 /* NVMainTabBarController.m */; };
		C317E5E11FD6B9FE0065EA13 /* NVSelectClassView.m in Sources */ = {isa = PBXBuildFile; fileRef = C317E5DF1FD6B9700065EA13 /* NVSelectClassView.m */; };
		C317E5E51FD6BB320065EA13 /* NVLoginViewController.m in Sources */ = {isa = PBXBuildFile; fileRef = C317E5E41FD6BB320065EA13 /* NVLoginViewController.m */; };
		C317E5F21FD79D2E0065EA13 /* NVShortVideoViewController.m in Sources */ = {isa = PBXBuildFile; fileRef = C317E5F11FD79D0E0065EA13 /* NVShortVideoViewController.m */; };
		C317E5F31FD79D2E0065EA13 /* NVLiveStreamViewController.m in Sources */ = {isa = PBXBuildFile; fileRef = C317E5ED1FD79D0E0065EA13 /* NVLiveStreamViewController.m */; };
		C3424BAC1FE377C700A582B6 /* NVProcessVideoViewController.m in Sources */ = {isa = PBXBuildFile; fileRef = C3424BA61FE377C600A582B6 /* NVProcessVideoViewController.m */; };
		C3424BAD1FE377C700A582B6 /* NVRecordVideoViewController.m in Sources */ = {isa = PBXBuildFile; fileRef = C3424BA71FE377C600A582B6 /* NVRecordVideoViewController.m */; };
		C3424BAE1FE377C700A582B6 /* NVPublishVideoViewController.m in Sources */ = {isa = PBXBuildFile; fileRef = C3424BAA1FE377C600A582B6 /* NVPublishVideoViewController.m */; };
		C3424BB81FE378AB00A582B6 /* NVButtonRowView.m in Sources */ = {isa = PBXBuildFile; fileRef = C3424BB41FE3782800A582B6 /* NVButtonRowView.m */; };
		C3424BB91FE378AB00A582B6 /* NVMusicListView.m in Sources */ = {isa = PBXBuildFile; fileRef = C3424BB61FE3782800A582B6 /* NVMusicListView.m */; };
/* End PBXBuildFile section */

/* Begin PBXFileReference section */
		0A23BC501FD13E9000382174 /* NiuVideo.app */ = {isa = PBXFileReference; explicitFileType = wrapper.application; includeInIndex = 0; path = NiuVideo.app; sourceTree = BUILT_PRODUCTS_DIR; };
		0A23BC531FD13E9000382174 /* NVAppDelegate.h */ = {isa = PBXFileReference; lastKnownFileType = sourcecode.c.h; path = NVAppDelegate.h; sourceTree = "<group>"; };
		0A23BC541FD13E9000382174 /* NVAppDelegate.m */ = {isa = PBXFileReference; lastKnownFileType = sourcecode.c.objc; path = NVAppDelegate.m; sourceTree = "<group>"; };
		0A23BC5A1FD13E9100382174 /* Base */ = {isa = PBXFileReference; lastKnownFileType = file.storyboard; name = Base; path = Base.lproj/Main.storyboard; sourceTree = "<group>"; };
		0A23BC5C1FD13E9100382174 /* Assets.xcassets */ = {isa = PBXFileReference; lastKnownFileType = folder.assetcatalog; path = Assets.xcassets; sourceTree = "<group>"; };
		0A23BC5F1FD13E9100382174 /* Base */ = {isa = PBXFileReference; lastKnownFileType = file.storyboard; name = Base; path = Base.lproj/LaunchScreen.storyboard; sourceTree = "<group>"; };
		0A23BC611FD13E9100382174 /* Info.plist */ = {isa = PBXFileReference; lastKnownFileType = text.plist.xml; path = Info.plist; sourceTree = "<group>"; };
		0A23BC621FD13E9100382174 /* main.m */ = {isa = PBXFileReference; lastKnownFileType = sourcecode.c.objc; path = main.m; sourceTree = "<group>"; };
		25E4DFBCBD39986F4693B10E /* Pods-NiuVideo.release.xcconfig */ = {isa = PBXFileReference; includeInIndex = 1; lastKnownFileType = text.xcconfig; name = "Pods-NiuVideo.release.xcconfig"; path = "Pods/Target Support Files/Pods-NiuVideo/Pods-NiuVideo.release.xcconfig"; sourceTree = "<group>"; };
		638D46359546FB5F0509431E /* Pods-NiuVideo.debug.xcconfig */ = {isa = PBXFileReference; includeInIndex = 1; lastKnownFileType = text.xcconfig; name = "Pods-NiuVideo.debug.xcconfig"; path = "Pods/Target Support Files/Pods-NiuVideo/Pods-NiuVideo.debug.xcconfig"; sourceTree = "<group>"; };
		75E2A862E04702DD16F5E5AD /* libPods-NiuVideo.a */ = {isa = PBXFileReference; explicitFileType = archive.ar; includeInIndex = 0; path = "libPods-NiuVideo.a"; sourceTree = BUILT_PRODUCTS_DIR; };
		761022FE1FEBB24800A7DA94 /* NVLiveToolBoxView.h */ = {isa = PBXFileReference; lastKnownFileType = sourcecode.c.h; path = NVLiveToolBoxView.h; sourceTree = "<group>"; };
		761022FF1FEBB24800A7DA94 /* NVLiveToolBoxView.m */ = {isa = PBXFileReference; lastKnownFileType = sourcecode.c.objc; path = NVLiveToolBoxView.m; sourceTree = "<group>"; };
		761782751FE0FA770010EFE6 /* NVLiveStreamTableViewCell.h */ = {isa = PBXFileReference; lastKnownFileType = sourcecode.c.h; path = NVLiveStreamTableViewCell.h; sourceTree = "<group>"; };
		761782761FE0FA770010EFE6 /* NVLiveStreamTableViewCell.m */ = {isa = PBXFileReference; lastKnownFileType = sourcecode.c.objc; path = NVLiveStreamTableViewCell.m; sourceTree = "<group>"; };
		761782791FE10AAA0010EFE6 /* NVLiveUserModel.h */ = {isa = PBXFileReference; lastKnownFileType = sourcecode.c.h; path = NVLiveUserModel.h; sourceTree = "<group>"; };
		7617827A1FE10AAA0010EFE6 /* NVLiveUserModel.m */ = {isa = PBXFileReference; lastKnownFileType = sourcecode.c.objc; path = NVLiveUserModel.m; sourceTree = "<group>"; };
		766E5FA91FEB55D500900BD1 /* NVStartLiveView.h */ = {isa = PBXFileReference; lastKnownFileType = sourcecode.c.h; path = NVStartLiveView.h; sourceTree = "<group>"; };
		766E5FAA1FEB55D500900BD1 /* NVStartLiveView.m */ = {isa = PBXFileReference; lastKnownFileType = sourcecode.c.objc; path = NVStartLiveView.m; sourceTree = "<group>"; };
		766E5FBD1FEB830500900BD1 /* ReversibleAnimationController.h */ = {isa = PBXFileReference; fileEncoding = 4; lastKnownFileType = sourcecode.c.h; path = ReversibleAnimationController.h; sourceTree = "<group>"; };
		766E5FBE1FEB830500900BD1 /* VerticalSwipeInteractionController.m */ = {isa = PBXFileReference; fileEncoding = 4; lastKnownFileType = sourcecode.c.objc; path = VerticalSwipeInteractionController.m; sourceTree = "<group>"; };
		766E5FBF1FEB830500900BD1 /* HorizontalSwipeInteractionController.h */ = {isa = PBXFileReference; fileEncoding = 4; lastKnownFileType = sourcecode.c.h; path = HorizontalSwipeInteractionController.h; sourceTree = "<group>"; };
		766E5FC01FEB830500900BD1 /* BaseInteractionController.m */ = {isa = PBXFileReference; fileEncoding = 4; lastKnownFileType = sourcecode.c.objc; path = BaseInteractionController.m; sourceTree = "<group>"; };
		766E5FC11FEB830500900BD1 /* PanAnimationController.h */ = {isa = PBXFileReference; fileEncoding = 4; lastKnownFileType = sourcecode.c.h; path = PanAnimationController.h; sourceTree = "<group>"; };
		766E5FC21FEB830500900BD1 /* HorizontalSwipeInteractionController.m */ = {isa = PBXFileReference; fileEncoding = 4; lastKnownFileType = sourcecode.c.objc; path = HorizontalSwipeInteractionController.m; sourceTree = "<group>"; };
		766E5FC31FEB830500900BD1 /* VerticalSwipeInteractionController.h */ = {isa = PBXFileReference; fileEncoding = 4; lastKnownFileType = sourcecode.c.h; path = VerticalSwipeInteractionController.h; sourceTree = "<group>"; };
		766E5FC41FEB830500900BD1 /* ReversibleAnimationController.m */ = {isa = PBXFileReference; fileEncoding = 4; lastKnownFileType = sourcecode.c.objc; path = ReversibleAnimationController.m; sourceTree = "<group>"; };
		766E5FC51FEB830500900BD1 /* BaseInteractionController.h */ = {isa = PBXFileReference; fileEncoding = 4; lastKnownFileType = sourcecode.c.h; path = BaseInteractionController.h; sourceTree = "<group>"; };
		766E5FC61FEB830500900BD1 /* PanAnimationController.m */ = {isa = PBXFileReference; fileEncoding = 4; lastKnownFileType = sourcecode.c.objc; path = PanAnimationController.m; sourceTree = "<group>"; };
		766E5FCC1FEB8D7A00900BD1 /* NVPanScrollView.h */ = {isa = PBXFileReference; lastKnownFileType = sourcecode.c.h; path = NVPanScrollView.h; sourceTree = "<group>"; };
		766E5FCD1FEB8D7A00900BD1 /* NVPanScrollView.m */ = {isa = PBXFileReference; lastKnownFileType = sourcecode.c.objc; path = NVPanScrollView.m; sourceTree = "<group>"; };
		769B294D1FE3A83A00A73B0E /* NVLiveCoverView.h */ = {isa = PBXFileReference; lastKnownFileType = sourcecode.c.h; path = NVLiveCoverView.h; sourceTree = "<group>"; };
		769B294E1FE3A83A00A73B0E /* NVLiveCoverView.m */ = {isa = PBXFileReference; lastKnownFileType = sourcecode.c.objc; path = NVLiveCoverView.m; sourceTree = "<group>"; };
		769B29631FE3B2A200A73B0E /* NVLiveSettingChildViewController.h */ = {isa = PBXFileReference; fileEncoding = 4; lastKnownFileType = sourcecode.c.h; path = NVLiveSettingChildViewController.h; sourceTree = "<group>"; };
		769B29641FE3B2A200A73B0E /* NVLiveWaterMarkSettingViewController.h */ = {isa = PBXFileReference; fileEncoding = 4; lastKnownFileType = sourcecode.c.h; path = NVLiveWaterMarkSettingViewController.h; sourceTree = "<group>"; };
		769B29651FE3B2A200A73B0E /* NVLiveSettingChildViewController.m */ = {isa = PBXFileReference; fileEncoding = 4; lastKnownFileType = sourcecode.c.objc; path = NVLiveSettingChildViewController.m; sourceTree = "<group>"; };
		769B29661FE3B2A200A73B0E /* NVLiveWaterMarkSettingViewController.m */ = {isa = PBXFileReference; fileEncoding = 4; lastKnownFileType = sourcecode.c.objc; path = NVLiveWaterMarkSettingViewController.m; sourceTree = "<group>"; };
		769B29671FE3B2A200A73B0E /* NVLiveCaptureSettingViewController.m */ = {isa = PBXFileReference; fileEncoding = 4; lastKnownFileType = sourcecode.c.objc; path = NVLiveCaptureSettingViewController.m; sourceTree = "<group>"; };
		769B29681FE3B2A200A73B0E /* NVLiveSettingSegmentViewController.m */ = {isa = PBXFileReference; fileEncoding = 4; lastKnownFileType = sourcecode.c.objc; path = NVLiveSettingSegmentViewController.m; sourceTree = "<group>"; };
		769B29691FE3B2A200A73B0E /* NVLiveCaptureSettingViewController.h */ = {isa = PBXFileReference; fileEncoding = 4; lastKnownFileType = sourcecode.c.h; path = NVLiveCaptureSettingViewController.h; sourceTree = "<group>"; };
		769B296A1FE3B2A200A73B0E /* NVLiveStreamSettingViewController.m */ = {isa = PBXFileReference; fileEncoding = 4; lastKnownFileType = sourcecode.c.objc; path = NVLiveStreamSettingViewController.m; sourceTree = "<group>"; };
		769B296B1FE3B2A200A73B0E /* NVLiveSettingSegmentViewController.h */ = {isa = PBXFileReference; fileEncoding = 4; lastKnownFileType = sourcecode.c.h; path = NVLiveSettingSegmentViewController.h; sourceTree = "<group>"; };
		769B296C1FE3B2A300A73B0E /* NVLiveStreamSettingViewController.h */ = {isa = PBXFileReference; fileEncoding = 4; lastKnownFileType = sourcecode.c.h; path = NVLiveStreamSettingViewController.h; sourceTree = "<group>"; };
		769B29721FE3C62C00A73B0E /* NVViewController.h */ = {isa = PBXFileReference; lastKnownFileType = sourcecode.c.h; path = NVViewController.h; sourceTree = "<group>"; };
		769B29731FE3C62C00A73B0E /* NVViewController.m */ = {isa = PBXFileReference; lastKnownFileType = sourcecode.c.objc; path = NVViewController.m; sourceTree = "<group>"; };
		76FDC5931FE3713500F19C67 /* NVLivePreviewViewController.h */ = {isa = PBXFileReference; lastKnownFileType = sourcecode.c.h; path = NVLivePreviewViewController.h; sourceTree = "<group>"; };
		76FDC5941FE3713500F19C67 /* NVLivePreviewViewController.m */ = {isa = PBXFileReference; lastKnownFileType = sourcecode.c.objc; path = NVLivePreviewViewController.m; sourceTree = "<group>"; };
		C317E5C81FD689040065EA13 /* NVUserConfigViewController.h */ = {isa = PBXFileReference; lastKnownFileType = sourcecode.c.h; path = NVUserConfigViewController.h; sourceTree = "<group>"; };
		C317E5C91FD689040065EA13 /* NVUserConfigViewController.m */ = {isa = PBXFileReference; lastKnownFileType = sourcecode.c.objc; path = NVUserConfigViewController.m; sourceTree = "<group>"; };
		C317E5CA1FD689390065EA13 /* NVFileManagerViewController.h */ = {isa = PBXFileReference; lastKnownFileType = sourcecode.c.h; path = NVFileManagerViewController.h; sourceTree = "<group>"; };
		C317E5CB1FD689390065EA13 /* NVFileManagerViewController.m */ = {isa = PBXFileReference; lastKnownFileType = sourcecode.c.objc; path = NVFileManagerViewController.m; sourceTree = "<group>"; };
		C317E5DB1FD6B9700065EA13 /* NVMainTabBarController.h */ = {isa = PBXFileReference; lastKnownFileType = sourcecode.c.h; path = NVMainTabBarController.h; sourceTree = "<group>"; };
		C317E5DC1FD6B9700065EA13 /* NVMainTabBarController.m */ = {isa = PBXFileReference; lastKnownFileType = sourcecode.c.objc; path = NVMainTabBarController.m; sourceTree = "<group>"; };
		C317E5DE1FD6B9700065EA13 /* NVSelectClassView.h */ = {isa = PBXFileReference; lastKnownFileType = sourcecode.c.h; path = NVSelectClassView.h; sourceTree = "<group>"; };
		C317E5DF1FD6B9700065EA13 /* NVSelectClassView.m */ = {isa = PBXFileReference; lastKnownFileType = sourcecode.c.objc; path = NVSelectClassView.m; sourceTree = "<group>"; };
		C317E5E31FD6BB320065EA13 /* NVLoginViewController.h */ = {isa = PBXFileReference; lastKnownFileType = sourcecode.c.h; path = NVLoginViewController.h; sourceTree = "<group>"; };
		C317E5E41FD6BB320065EA13 /* NVLoginViewController.m */ = {isa = PBXFileReference; lastKnownFileType = sourcecode.c.objc; path = NVLoginViewController.m; sourceTree = "<group>"; };
		C317E5EC1FD79D0E0065EA13 /* NVLiveStreamViewController.h */ = {isa = PBXFileReference; lastKnownFileType = sourcecode.c.h; path = NVLiveStreamViewController.h; sourceTree = "<group>"; };
		C317E5ED1FD79D0E0065EA13 /* NVLiveStreamViewController.m */ = {isa = PBXFileReference; lastKnownFileType = sourcecode.c.objc; path = NVLiveStreamViewController.m; sourceTree = "<group>"; };
		C317E5F01FD79D0E0065EA13 /* NVShortVideoViewController.h */ = {isa = PBXFileReference; lastKnownFileType = sourcecode.c.h; path = NVShortVideoViewController.h; sourceTree = "<group>"; };
		C317E5F11FD79D0E0065EA13 /* NVShortVideoViewController.m */ = {isa = PBXFileReference; lastKnownFileType = sourcecode.c.objc; path = NVShortVideoViewController.m; sourceTree = "<group>"; };
		C3424BA61FE377C600A582B6 /* NVProcessVideoViewController.m */ = {isa = PBXFileReference; lastKnownFileType = sourcecode.c.objc; path = NVProcessVideoViewController.m; sourceTree = "<group>"; };
		C3424BA71FE377C600A582B6 /* NVRecordVideoViewController.m */ = {isa = PBXFileReference; lastKnownFileType = sourcecode.c.objc; path = NVRecordVideoViewController.m; sourceTree = "<group>"; };
		C3424BA81FE377C600A582B6 /* NVProcessVideoViewController.h */ = {isa = PBXFileReference; lastKnownFileType = sourcecode.c.h; path = NVProcessVideoViewController.h; sourceTree = "<group>"; };
		C3424BA91FE377C600A582B6 /* NVPublishVideoViewController.h */ = {isa = PBXFileReference; lastKnownFileType = sourcecode.c.h; path = NVPublishVideoViewController.h; sourceTree = "<group>"; };
		C3424BAA1FE377C600A582B6 /* NVPublishVideoViewController.m */ = {isa = PBXFileReference; lastKnownFileType = sourcecode.c.objc; path = NVPublishVideoViewController.m; sourceTree = "<group>"; };
		C3424BAB1FE377C700A582B6 /* NVRecordVideoViewController.h */ = {isa = PBXFileReference; lastKnownFileType = sourcecode.c.h; path = NVRecordVideoViewController.h; sourceTree = "<group>"; };
		C3424BB31FE3782800A582B6 /* NVButtonRowView.h */ = {isa = PBXFileReference; lastKnownFileType = sourcecode.c.h; path = NVButtonRowView.h; sourceTree = "<group>"; };
		C3424BB41FE3782800A582B6 /* NVButtonRowView.m */ = {isa = PBXFileReference; lastKnownFileType = sourcecode.c.objc; path = NVButtonRowView.m; sourceTree = "<group>"; };
		C3424BB51FE3782800A582B6 /* NVMusicListView.h */ = {isa = PBXFileReference; lastKnownFileType = sourcecode.c.h; path = NVMusicListView.h; sourceTree = "<group>"; };
		C3424BB61FE3782800A582B6 /* NVMusicListView.m */ = {isa = PBXFileReference; lastKnownFileType = sourcecode.c.objc; path = NVMusicListView.m; sourceTree = "<group>"; };
		C37316C51FD683E500228D6D /* NiuVideoPCH.h */ = {isa = PBXFileReference; lastKnownFileType = sourcecode.c.h; path = NiuVideoPCH.h; sourceTree = "<group>"; };
		C37316C61FD683E500228D6D /* NVColorPCH.h */ = {isa = PBXFileReference; lastKnownFileType = sourcecode.c.h; path = NVColorPCH.h; sourceTree = "<group>"; };
		C37316C71FD683E500228D6D /* NVHttpPCH.h */ = {isa = PBXFileReference; lastKnownFileType = sourcecode.c.h; path = NVHttpPCH.h; sourceTree = "<group>"; };
/* End PBXFileReference section */

/* Begin PBXFrameworksBuildPhase section */
		0A23BC4D1FD13E9000382174 /* Frameworks */ = {
			isa = PBXFrameworksBuildPhase;
			buildActionMask = 2147483647;
			files = (
				BBC951B9F8B1444045171998 /* libPods-NiuVideo.a in Frameworks */,
			);
			runOnlyForDeploymentPostprocessing = 0;
		};
/* End PBXFrameworksBuildPhase section */

/* Begin PBXGroup section */
		0A23BC471FD13E9000382174 = {
			isa = PBXGroup;
			children = (
				0A23BC521FD13E9000382174 /* NiuVideo */,
				0A23BC511FD13E9000382174 /* Products */,
				330372A697CF77C83C019420 /* Pods */,
				6433D8655C16409A79CF1C2E /* Frameworks */,
			);
			sourceTree = "<group>";
		};
		0A23BC511FD13E9000382174 /* Products */ = {
			isa = PBXGroup;
			children = (
				0A23BC501FD13E9000382174 /* NiuVideo.app */,
			);
			name = Products;
			sourceTree = "<group>";
		};
		0A23BC521FD13E9000382174 /* NiuVideo */ = {
			isa = PBXGroup;
			children = (
				0A23BC531FD13E9000382174 /* NVAppDelegate.h */,
				0A23BC541FD13E9000382174 /* NVAppDelegate.m */,
				C37316CF1FD683E600228D6D /* Login */,
				C317E5DA1FD6B9700065EA13 /* Main */,
				C317E5EE1FD79D0E0065EA13 /* PILI-ShortVideo */,
				C317E5EA1FD79D0E0065EA13 /* PILI-LiveStream */,
				C317E5B71FD689030065EA13 /* FileManager */,
				C317E5C61FD689040065EA13 /* User */,
				C37316CA1FD683E500228D6D /* Public */,
				C37316C41FD683E500228D6D /* PCH */,
				0A23BC591FD13E9100382174 /* Main.storyboard */,
				0A23BC5C1FD13E9100382174 /* Assets.xcassets */,
				0A23BC5E1FD13E9100382174 /* LaunchScreen.storyboard */,
				0A23BC611FD13E9100382174 /* Info.plist */,
				0A23BC621FD13E9100382174 /* main.m */,
			);
			path = NiuVideo;
			sourceTree = "<group>";
		};
		330372A697CF77C83C019420 /* Pods */ = {
			isa = PBXGroup;
			children = (
				638D46359546FB5F0509431E /* Pods-NiuVideo.debug.xcconfig */,
				25E4DFBCBD39986F4693B10E /* Pods-NiuVideo.release.xcconfig */,
			);
			name = Pods;
			sourceTree = "<group>";
		};
		6433D8655C16409A79CF1C2E /* Frameworks */ = {
			isa = PBXGroup;
			children = (
				75E2A862E04702DD16F5E5AD /* libPods-NiuVideo.a */,
			);
			name = Frameworks;
			sourceTree = "<group>";
		};
		761782741FE0FA260010EFE6 /* View */ = {
			isa = PBXGroup;
			children = (
				761782751FE0FA770010EFE6 /* NVLiveStreamTableViewCell.h */,
				761782761FE0FA770010EFE6 /* NVLiveStreamTableViewCell.m */,
				769B294D1FE3A83A00A73B0E /* NVLiveCoverView.h */,
				769B294E1FE3A83A00A73B0E /* NVLiveCoverView.m */,
				766E5FA91FEB55D500900BD1 /* NVStartLiveView.h */,
				766E5FAA1FEB55D500900BD1 /* NVStartLiveView.m */,
				761022FE1FEBB24800A7DA94 /* NVLiveToolBoxView.h */,
				761022FF1FEBB24800A7DA94 /* NVLiveToolBoxView.m */,
			);
			path = View;
			sourceTree = "<group>";
		};
		761782781FE104530010EFE6 /* DataModel */ = {
			isa = PBXGroup;
			children = (
				761782791FE10AAA0010EFE6 /* NVLiveUserModel.h */,
				7617827A1FE10AAA0010EFE6 /* NVLiveUserModel.m */,
			);
			path = DataModel;
			sourceTree = "<group>";
		};
		766E5FBC1FEB830500900BD1 /* CustomInteraction */ = {
			isa = PBXGroup;
			children = (
				766E5FBD1FEB830500900BD1 /* ReversibleAnimationController.h */,
				766E5FBE1FEB830500900BD1 /* VerticalSwipeInteractionController.m */,
				766E5FBF1FEB830500900BD1 /* HorizontalSwipeInteractionController.h */,
				766E5FC01FEB830500900BD1 /* BaseInteractionController.m */,
				766E5FC11FEB830500900BD1 /* PanAnimationController.h */,
				766E5FC21FEB830500900BD1 /* HorizontalSwipeInteractionController.m */,
				766E5FC31FEB830500900BD1 /* VerticalSwipeInteractionController.h */,
				766E5FC41FEB830500900BD1 /* ReversibleAnimationController.m */,
				766E5FC51FEB830500900BD1 /* BaseInteractionController.h */,
				766E5FC61FEB830500900BD1 /* PanAnimationController.m */,
			);
			path = CustomInteraction;
			sourceTree = "<group>";
		};
		769B29621FE3B26E00A73B0E /* settingController */ = {
			isa = PBXGroup;
			children = (
				769B296B1FE3B2A200A73B0E /* NVLiveSettingSegmentViewController.h */,
				769B29681FE3B2A200A73B0E /* NVLiveSettingSegmentViewController.m */,
				769B29631FE3B2A200A73B0E /* NVLiveSettingChildViewController.h */,
				769B29651FE3B2A200A73B0E /* NVLiveSettingChildViewController.m */,
				769B29691FE3B2A200A73B0E /* NVLiveCaptureSettingViewController.h */,
				769B29671FE3B2A200A73B0E /* NVLiveCaptureSettingViewController.m */,
				769B296C1FE3B2A300A73B0E /* NVLiveStreamSettingViewController.h */,
				769B296A1FE3B2A200A73B0E /* NVLiveStreamSettingViewController.m */,
				769B29641FE3B2A200A73B0E /* NVLiveWaterMarkSettingViewController.h */,
				769B29661FE3B2A200A73B0E /* NVLiveWaterMarkSettingViewController.m */,
			);
			path = settingController;
			sourceTree = "<group>";
		};
		C317E5B71FD689030065EA13 /* FileManager */ = {
			isa = PBXGroup;
			children = (
				C317E5B81FD689030065EA13 /* Controller */,
			);
			path = FileManager;
			sourceTree = "<group>";
		};
		C317E5B81FD689030065EA13 /* Controller */ = {
			isa = PBXGroup;
			children = (
				C317E5CA1FD689390065EA13 /* NVFileManagerViewController.h */,
				C317E5CB1FD689390065EA13 /* NVFileManagerViewController.m */,
			);
			path = Controller;
			sourceTree = "<group>";
		};
		C317E5C61FD689040065EA13 /* User */ = {
			isa = PBXGroup;
			children = (
				C317E5C71FD689040065EA13 /* Controller */,
			);
			path = User;
			sourceTree = "<group>";
		};
		C317E5C71FD689040065EA13 /* Controller */ = {
			isa = PBXGroup;
			children = (
				C317E5C81FD689040065EA13 /* NVUserConfigViewController.h */,
				C317E5C91FD689040065EA13 /* NVUserConfigViewController.m */,
			);
			path = Controller;
			sourceTree = "<group>";
		};
		C317E5DA1FD6B9700065EA13 /* Main */ = {
			isa = PBXGroup;
			children = (
				C317E5DB1FD6B9700065EA13 /* NVMainTabBarController.h */,
				C317E5DC1FD6B9700065EA13 /* NVMainTabBarController.m */,
				C317E5DD1FD6B9700065EA13 /* View */,
			);
			path = Main;
			sourceTree = "<group>";
		};
		C317E5DD1FD6B9700065EA13 /* View */ = {
			isa = PBXGroup;
			children = (
				C317E5DE1FD6B9700065EA13 /* NVSelectClassView.h */,
				C317E5DF1FD6B9700065EA13 /* NVSelectClassView.m */,
			);
			path = View;
			sourceTree = "<group>";
		};
		C317E5E21FD6BB010065EA13 /* Controller */ = {
			isa = PBXGroup;
			children = (
				C317E5E31FD6BB320065EA13 /* NVLoginViewController.h */,
				C317E5E41FD6BB320065EA13 /* NVLoginViewController.m */,
			);
			path = Controller;
			sourceTree = "<group>";
		};
		C317E5EA1FD79D0E0065EA13 /* PILI-LiveStream */ = {
			isa = PBXGroup;
			children = (
				C317E5EB1FD79D0E0065EA13 /* Controller */,
				761782741FE0FA260010EFE6 /* View */,
				761782781FE104530010EFE6 /* DataModel */,
			);
			path = "PILI-LiveStream";
			sourceTree = "<group>";
		};
		C317E5EB1FD79D0E0065EA13 /* Controller */ = {
			isa = PBXGroup;
			children = (
				C317E5EC1FD79D0E0065EA13 /* NVLiveStreamViewController.h */,
				C317E5ED1FD79D0E0065EA13 /* NVLiveStreamViewController.m */,
				769B29721FE3C62C00A73B0E /* NVViewController.h */,
				769B29731FE3C62C00A73B0E /* NVViewController.m */,
				76FDC5931FE3713500F19C67 /* NVLivePreviewViewController.h */,
				76FDC5941FE3713500F19C67 /* NVLivePreviewViewController.m */,
				769B29621FE3B26E00A73B0E /* settingController */,
			);
			path = Controller;
			sourceTree = "<group>";
		};
		C317E5EE1FD79D0E0065EA13 /* PILI-ShortVideo */ = {
			isa = PBXGroup;
			children = (
				C317E5EF1FD79D0E0065EA13 /* Controller */,
			);
			path = "PILI-ShortVideo";
			sourceTree = "<group>";
		};
		C317E5EF1FD79D0E0065EA13 /* Controller */ = {
			isa = PBXGroup;
			children = (
				C317E5F01FD79D0E0065EA13 /* NVShortVideoViewController.h */,
				C317E5F11FD79D0E0065EA13 /* NVShortVideoViewController.m */,
				C3424BAB1FE377C700A582B6 /* NVRecordVideoViewController.h */,
				C3424BA71FE377C600A582B6 /* NVRecordVideoViewController.m */,
				C3424BA81FE377C600A582B6 /* NVProcessVideoViewController.h */,
				C3424BA61FE377C600A582B6 /* NVProcessVideoViewController.m */,
				C3424BA91FE377C600A582B6 /* NVPublishVideoViewController.h */,
				C3424BAA1FE377C600A582B6 /* NVPublishVideoViewController.m */,
			);
			path = Controller;
			sourceTree = "<group>";
		};
		C3424BB21FE3782800A582B6 /* Views */ = {
			isa = PBXGroup;
			children = (
				C3424BB31FE3782800A582B6 /* NVButtonRowView.h */,
				C3424BB41FE3782800A582B6 /* NVButtonRowView.m */,
				C3424BB51FE3782800A582B6 /* NVMusicListView.h */,
				C3424BB61FE3782800A582B6 /* NVMusicListView.m */,
				766E5FCC1FEB8D7A00900BD1 /* NVPanScrollView.h */,
				766E5FCD1FEB8D7A00900BD1 /* NVPanScrollView.m */,
			);
			path = Views;
			sourceTree = "<group>";
		};
		C37316C41FD683E500228D6D /* PCH */ = {
			isa = PBXGroup;
			children = (
				C37316C51FD683E500228D6D /* NiuVideoPCH.h */,
				C37316C61FD683E500228D6D /* NVColorPCH.h */,
				C37316C71FD683E500228D6D /* NVHttpPCH.h */,
			);
			path = PCH;
			sourceTree = "<group>";
		};
		C37316CA1FD683E500228D6D /* Public */ = {
			isa = PBXGroup;
			children = (
				766E5FBC1FEB830500900BD1 /* CustomInteraction */,
				C37316CB1FD683E500228D6D /* Category */,
				C37316CC1FD683E500228D6D /* Extension */,
				C37316CD1FD683E500228D6D /* Network */,
				C3424BB21FE3782800A582B6 /* Views */,
			);
			path = Public;
			sourceTree = "<group>";
		};
		C37316CB1FD683E500228D6D /* Category */ = {
			isa = PBXGroup;
			children = (
			);
			path = Category;
			sourceTree = "<group>";
		};
		C37316CC1FD683E500228D6D /* Extension */ = {
			isa = PBXGroup;
			children = (
			);
			path = Extension;
			sourceTree = "<group>";
		};
		C37316CD1FD683E500228D6D /* Network */ = {
			isa = PBXGroup;
			children = (
			);
			path = Network;
			sourceTree = "<group>";
		};
		C37316CF1FD683E600228D6D /* Login */ = {
			isa = PBXGroup;
			children = (
				C317E5E21FD6BB010065EA13 /* Controller */,
			);
			path = Login;
			sourceTree = "<group>";
		};
/* End PBXGroup section */

/* Begin PBXNativeTarget section */
		0A23BC4F1FD13E9000382174 /* NiuVideo */ = {
			isa = PBXNativeTarget;
			buildConfigurationList = 0A23BC661FD13E9100382174 /* Build configuration list for PBXNativeTarget "NiuVideo" */;
			buildPhases = (
				69824A43DE0A8343C86792E7 /* [CP] Check Pods Manifest.lock */,
				0A23BC4C1FD13E9000382174 /* Sources */,
				0A23BC4D1FD13E9000382174 /* Frameworks */,
				0A23BC4E1FD13E9000382174 /* Resources */,
				A4122D09DA4451B0EE706782 /* [CP] Embed Pods Frameworks */,
				D20820EC60627E6C66E677DE /* [CP] Copy Pods Resources */,
			);
			buildRules = (
			);
			dependencies = (
			);
			name = NiuVideo;
			productName = NiuVideo;
			productReference = 0A23BC501FD13E9000382174 /* NiuVideo.app */;
			productType = "com.apple.product-type.application";
		};
/* End PBXNativeTarget section */

/* Begin PBXProject section */
		0A23BC481FD13E9000382174 /* Project object */ = {
			isa = PBXProject;
			attributes = {
				LastUpgradeCheck = 0910;
				ORGANIZATIONNAME = "Pili Engineering, Qiniu Inc";
				TargetAttributes = {
					0A23BC4F1FD13E9000382174 = {
						CreatedOnToolsVersion = 9.1;
						ProvisioningStyle = Automatic;
					};
				};
			};
			buildConfigurationList = 0A23BC4B1FD13E9000382174 /* Build configuration list for PBXProject "NiuVideo" */;
			compatibilityVersion = "Xcode 8.0";
			developmentRegion = en;
			hasScannedForEncodings = 0;
			knownRegions = (
				en,
				Base,
			);
			mainGroup = 0A23BC471FD13E9000382174;
			productRefGroup = 0A23BC511FD13E9000382174 /* Products */;
			projectDirPath = "";
			projectRoot = "";
			targets = (
				0A23BC4F1FD13E9000382174 /* NiuVideo */,
			);
		};
/* End PBXProject section */

/* Begin PBXResourcesBuildPhase section */
		0A23BC4E1FD13E9000382174 /* Resources */ = {
			isa = PBXResourcesBuildPhase;
			buildActionMask = 2147483647;
			files = (
				0A23BC601FD13E9100382174 /* LaunchScreen.storyboard in Resources */,
				0A23BC5D1FD13E9100382174 /* Assets.xcassets in Resources */,
				0A23BC5B1FD13E9100382174 /* Main.storyboard in Resources */,
			);
			runOnlyForDeploymentPostprocessing = 0;
		};
/* End PBXResourcesBuildPhase section */

/* Begin PBXShellScriptBuildPhase section */
		69824A43DE0A8343C86792E7 /* [CP] Check Pods Manifest.lock */ = {
			isa = PBXShellScriptBuildPhase;
			buildActionMask = 2147483647;
			files = (
			);
			inputPaths = (
				"${PODS_PODFILE_DIR_PATH}/Podfile.lock",
				"${PODS_ROOT}/Manifest.lock",
			);
			name = "[CP] Check Pods Manifest.lock";
			outputPaths = (
				"$(DERIVED_FILE_DIR)/Pods-NiuVideo-checkManifestLockResult.txt",
			);
			runOnlyForDeploymentPostprocessing = 0;
			shellPath = /bin/sh;
			shellScript = "diff \"${PODS_PODFILE_DIR_PATH}/Podfile.lock\" \"${PODS_ROOT}/Manifest.lock\" > /dev/null\nif [ $? != 0 ] ; then\n    # print error to STDERR\n    echo \"error: The sandbox is not in sync with the Podfile.lock. Run 'pod install' or update your CocoaPods installation.\" >&2\n    exit 1\nfi\n# This output is used by Xcode 'outputs' to avoid re-running this script phase.\necho \"SUCCESS\" > \"${SCRIPT_OUTPUT_FILE_0}\"\n";
			showEnvVarsInLog = 0;
		};
		A4122D09DA4451B0EE706782 /* [CP] Embed Pods Frameworks */ = {
			isa = PBXShellScriptBuildPhase;
			buildActionMask = 2147483647;
			files = (
			);
			inputPaths = (
			);
			name = "[CP] Embed Pods Frameworks";
			outputPaths = (
			);
			runOnlyForDeploymentPostprocessing = 0;
			shellPath = /bin/sh;
			shellScript = "\"${SRCROOT}/Pods/Target Support Files/Pods-NiuVideo/Pods-NiuVideo-frameworks.sh\"\n";
			showEnvVarsInLog = 0;
		};
		D20820EC60627E6C66E677DE /* [CP] Copy Pods Resources */ = {
			isa = PBXShellScriptBuildPhase;
			buildActionMask = 2147483647;
			files = (
			);
			inputPaths = (
			);
			name = "[CP] Copy Pods Resources";
			outputPaths = (
			);
			runOnlyForDeploymentPostprocessing = 0;
			shellPath = /bin/sh;
			shellScript = "\"${SRCROOT}/Pods/Target Support Files/Pods-NiuVideo/Pods-NiuVideo-resources.sh\"\n";
			showEnvVarsInLog = 0;
		};
/* End PBXShellScriptBuildPhase section */

/* Begin PBXSourcesBuildPhase section */
		0A23BC4C1FD13E9000382174 /* Sources */ = {
			isa = PBXSourcesBuildPhase;
			buildActionMask = 2147483647;
			files = (
				769B296E1FE3B2A300A73B0E /* NVLiveWaterMarkSettingViewController.m in Sources */,
				761023001FEBB24800A7DA94 /* NVLiveToolBoxView.m in Sources */,
				769B296D1FE3B2A300A73B0E /* NVLiveSettingChildViewController.m in Sources */,
				C3424BB81FE378AB00A582B6 /* NVButtonRowView.m in Sources */,
				C3424BB91FE378AB00A582B6 /* NVMusicListView.m in Sources */,
				C317E5F21FD79D2E0065EA13 /* NVShortVideoViewController.m in Sources */,
				766E5FC71FEB830500900BD1 /* VerticalSwipeInteractionController.m in Sources */,
				76FDC5951FE3713500F19C67 /* NVLivePreviewViewController.m in Sources */,
				766E5FC91FEB830500900BD1 /* HorizontalSwipeInteractionController.m in Sources */,
				766E5FC81FEB830500900BD1 /* BaseInteractionController.m in Sources */,
				761782771FE0FA770010EFE6 /* NVLiveStreamTableViewCell.m in Sources */,
				C317E5F31FD79D2E0065EA13 /* NVLiveStreamViewController.m in Sources */,
				7617827B1FE10AAA0010EFE6 /* NVLiveUserModel.m in Sources */,
				C3424BAC1FE377C700A582B6 /* NVProcessVideoViewController.m in Sources */,
				C317E5E01FD6B9FE0065EA13 /* NVMainTabBarController.m in Sources */,
				766E5FCE1FEB8D7A00900BD1 /* NVPanScrollView.m in Sources */,
				769B29741FE3C62C00A73B0E /* NVViewController.m in Sources */,
				769B294F1FE3A83A00A73B0E /* NVLiveCoverView.m in Sources */,
				766E5FCA1FEB830500900BD1 /* ReversibleAnimationController.m in Sources */,
				C317E5E11FD6B9FE0065EA13 /* NVSelectClassView.m in Sources */,
				769B29701FE3B2A300A73B0E /* NVLiveSettingSegmentViewController.m in Sources */,
				769B29711FE3B2A300A73B0E /* NVLiveStreamSettingViewController.m in Sources */,
				766E5FCB1FEB830500900BD1 /* PanAnimationController.m in Sources */,
				769B296F1FE3B2A300A73B0E /* NVLiveCaptureSettingViewController.m in Sources */,
				766E5FAB1FEB55D500900BD1 /* NVStartLiveView.m in Sources */,
				C317E5E51FD6BB320065EA13 /* NVLoginViewController.m in Sources */,
				C3424BAD1FE377C700A582B6 /* NVRecordVideoViewController.m in Sources */,
				C317E5D01FD690650065EA13 /* NVUserConfigViewController.m in Sources */,
				0A23BC631FD13E9100382174 /* main.m in Sources */,
				C317E5CC1FD689390065EA13 /* NVFileManagerViewController.m in Sources */,
				C3424BAE1FE377C700A582B6 /* NVPublishVideoViewController.m in Sources */,
				0A23BC551FD13E9000382174 /* NVAppDelegate.m in Sources */,
			);
			runOnlyForDeploymentPostprocessing = 0;
		};
/* End PBXSourcesBuildPhase section */

/* Begin PBXVariantGroup section */
		0A23BC591FD13E9100382174 /* Main.storyboard */ = {
			isa = PBXVariantGroup;
			children = (
				0A23BC5A1FD13E9100382174 /* Base */,
			);
			name = Main.storyboard;
			sourceTree = "<group>";
		};
		0A23BC5E1FD13E9100382174 /* LaunchScreen.storyboard */ = {
			isa = PBXVariantGroup;
			children = (
				0A23BC5F1FD13E9100382174 /* Base */,
			);
			name = LaunchScreen.storyboard;
			sourceTree = "<group>";
		};
/* End PBXVariantGroup section */

/* Begin XCBuildConfiguration section */
		0A23BC641FD13E9100382174 /* Debug */ = {
			isa = XCBuildConfiguration;
			buildSettings = {
				ALWAYS_SEARCH_USER_PATHS = NO;
				CLANG_ANALYZER_NONNULL = YES;
				CLANG_ANALYZER_NUMBER_OBJECT_CONVERSION = YES_AGGRESSIVE;
				CLANG_CXX_LANGUAGE_STANDARD = "gnu++14";
				CLANG_CXX_LIBRARY = "libc++";
				CLANG_ENABLE_MODULES = YES;
				CLANG_ENABLE_OBJC_ARC = YES;
				CLANG_WARN_BLOCK_CAPTURE_AUTORELEASING = YES;
				CLANG_WARN_BOOL_CONVERSION = YES;
				CLANG_WARN_COMMA = YES;
				CLANG_WARN_CONSTANT_CONVERSION = YES;
				CLANG_WARN_DIRECT_OBJC_ISA_USAGE = YES_ERROR;
				CLANG_WARN_DOCUMENTATION_COMMENTS = YES;
				CLANG_WARN_EMPTY_BODY = YES;
				CLANG_WARN_ENUM_CONVERSION = YES;
				CLANG_WARN_INFINITE_RECURSION = YES;
				CLANG_WARN_INT_CONVERSION = YES;
				CLANG_WARN_NON_LITERAL_NULL_CONVERSION = YES;
				CLANG_WARN_OBJC_LITERAL_CONVERSION = YES;
				CLANG_WARN_OBJC_ROOT_CLASS = YES_ERROR;
				CLANG_WARN_RANGE_LOOP_ANALYSIS = YES;
				CLANG_WARN_STRICT_PROTOTYPES = YES;
				CLANG_WARN_SUSPICIOUS_MOVE = YES;
				CLANG_WARN_UNGUARDED_AVAILABILITY = YES_AGGRESSIVE;
				CLANG_WARN_UNREACHABLE_CODE = YES;
				CLANG_WARN__DUPLICATE_METHOD_MATCH = YES;
				CODE_SIGN_IDENTITY = "iPhone Developer";
				COPY_PHASE_STRIP = NO;
				DEBUG_INFORMATION_FORMAT = dwarf;
				ENABLE_STRICT_OBJC_MSGSEND = YES;
				ENABLE_TESTABILITY = YES;
				GCC_C_LANGUAGE_STANDARD = gnu11;
				GCC_DYNAMIC_NO_PIC = NO;
				GCC_NO_COMMON_BLOCKS = YES;
				GCC_OPTIMIZATION_LEVEL = 0;
				GCC_PREPROCESSOR_DEFINITIONS = (
					"DEBUG=1",
					"$(inherited)",
				);
				GCC_WARN_64_TO_32_BIT_CONVERSION = YES;
				GCC_WARN_ABOUT_RETURN_TYPE = YES_ERROR;
				GCC_WARN_UNDECLARED_SELECTOR = YES;
				GCC_WARN_UNINITIALIZED_AUTOS = YES_AGGRESSIVE;
				GCC_WARN_UNUSED_FUNCTION = YES;
				GCC_WARN_UNUSED_VARIABLE = YES;
				IPHONEOS_DEPLOYMENT_TARGET = 11.1;
				MTL_ENABLE_DEBUG_INFO = YES;
				ONLY_ACTIVE_ARCH = YES;
				SDKROOT = iphoneos;
			};
			name = Debug;
		};
		0A23BC651FD13E9100382174 /* Release */ = {
			isa = XCBuildConfiguration;
			buildSettings = {
				ALWAYS_SEARCH_USER_PATHS = NO;
				CLANG_ANALYZER_NONNULL = YES;
				CLANG_ANALYZER_NUMBER_OBJECT_CONVERSION = YES_AGGRESSIVE;
				CLANG_CXX_LANGUAGE_STANDARD = "gnu++14";
				CLANG_CXX_LIBRARY = "libc++";
				CLANG_ENABLE_MODULES = YES;
				CLANG_ENABLE_OBJC_ARC = YES;
				CLANG_WARN_BLOCK_CAPTURE_AUTORELEASING = YES;
				CLANG_WARN_BOOL_CONVERSION = YES;
				CLANG_WARN_COMMA = YES;
				CLANG_WARN_CONSTANT_CONVERSION = YES;
				CLANG_WARN_DIRECT_OBJC_ISA_USAGE = YES_ERROR;
				CLANG_WARN_DOCUMENTATION_COMMENTS = YES;
				CLANG_WARN_EMPTY_BODY = YES;
				CLANG_WARN_ENUM_CONVERSION = YES;
				CLANG_WARN_INFINITE_RECURSION = YES;
				CLANG_WARN_INT_CONVERSION = YES;
				CLANG_WARN_NON_LITERAL_NULL_CONVERSION = YES;
				CLANG_WARN_OBJC_LITERAL_CONVERSION = YES;
				CLANG_WARN_OBJC_ROOT_CLASS = YES_ERROR;
				CLANG_WARN_RANGE_LOOP_ANALYSIS = YES;
				CLANG_WARN_STRICT_PROTOTYPES = YES;
				CLANG_WARN_SUSPICIOUS_MOVE = YES;
				CLANG_WARN_UNGUARDED_AVAILABILITY = YES_AGGRESSIVE;
				CLANG_WARN_UNREACHABLE_CODE = YES;
				CLANG_WARN__DUPLICATE_METHOD_MATCH = YES;
				CODE_SIGN_IDENTITY = "iPhone Developer";
				COPY_PHASE_STRIP = NO;
				DEBUG_INFORMATION_FORMAT = "dwarf-with-dsym";
				ENABLE_NS_ASSERTIONS = NO;
				ENABLE_STRICT_OBJC_MSGSEND = YES;
				GCC_C_LANGUAGE_STANDARD = gnu11;
				GCC_NO_COMMON_BLOCKS = YES;
				GCC_WARN_64_TO_32_BIT_CONVERSION = YES;
				GCC_WARN_ABOUT_RETURN_TYPE = YES_ERROR;
				GCC_WARN_UNDECLARED_SELECTOR = YES;
				GCC_WARN_UNINITIALIZED_AUTOS = YES_AGGRESSIVE;
				GCC_WARN_UNUSED_FUNCTION = YES;
				GCC_WARN_UNUSED_VARIABLE = YES;
				IPHONEOS_DEPLOYMENT_TARGET = 11.1;
				MTL_ENABLE_DEBUG_INFO = NO;
				SDKROOT = iphoneos;
				VALIDATE_PRODUCT = YES;
			};
			name = Release;
		};
		0A23BC671FD13E9100382174 /* Debug */ = {
			isa = XCBuildConfiguration;
			baseConfigurationReference = 638D46359546FB5F0509431E /* Pods-NiuVideo.debug.xcconfig */;
			buildSettings = {
				ASSETCATALOG_COMPILER_APPICON_NAME = AppIcon;
				CODE_SIGN_STYLE = Automatic;
				DEVELOPMENT_TEAM = W2TP34G2MM;
				GCC_PREFIX_HEADER = NiuVideo/PCH/NiuVideoPCH.h;
				INFOPLIST_FILE = NiuVideo/Info.plist;
				IPHONEOS_DEPLOYMENT_TARGET = 8.0;
				LD_RUNPATH_SEARCH_PATHS = "$(inherited) @executable_path/Frameworks";
				PRODUCT_BUNDLE_IDENTIFIER = com.qiniu.NiuVideo;
				PRODUCT_NAME = "$(TARGET_NAME)";
				TARGETED_DEVICE_FAMILY = "1,2";
			};
			name = Debug;
		};
		0A23BC681FD13E9100382174 /* Release */ = {
			isa = XCBuildConfiguration;
			baseConfigurationReference = 25E4DFBCBD39986F4693B10E /* Pods-NiuVideo.release.xcconfig */;
			buildSettings = {
				ASSETCATALOG_COMPILER_APPICON_NAME = AppIcon;
				CODE_SIGN_STYLE = Automatic;
				DEVELOPMENT_TEAM = W2TP34G2MM;
				GCC_PREFIX_HEADER = NiuVideo/PCH/NiuVideoPCH.h;
				INFOPLIST_FILE = NiuVideo/Info.plist;
				IPHONEOS_DEPLOYMENT_TARGET = 8.0;
				LD_RUNPATH_SEARCH_PATHS = "$(inherited) @executable_path/Frameworks";
				PRODUCT_BUNDLE_IDENTIFIER = com.qiniu.NiuVideo;
				PRODUCT_NAME = "$(TARGET_NAME)";
				TARGETED_DEVICE_FAMILY = "1,2";
			};
			name = Release;
		};
/* End XCBuildConfiguration section */

/* Begin XCConfigurationList section */
		0A23BC4B1FD13E9000382174 /* Build configuration list for PBXProject "NiuVideo" */ = {
			isa = XCConfigurationList;
			buildConfigurations = (
				0A23BC641FD13E9100382174 /* Debug */,
				0A23BC651FD13E9100382174 /* Release */,
			);
			defaultConfigurationIsVisible = 0;
			defaultConfigurationName = Release;
		};
		0A23BC661FD13E9100382174 /* Build configuration list for PBXNativeTarget "NiuVideo" */ = {
			isa = XCConfigurationList;
			buildConfigurations = (
				0A23BC671FD13E9100382174 /* Debug */,
				0A23BC681FD13E9100382174 /* Release */,
			);
			defaultConfigurationIsVisible = 0;
			defaultConfigurationName = Release;
		};
/* End XCConfigurationList section */
	};
	rootObject = 0A23BC481FD13E9000382174 /* Project object */;
}
